
Microsoft Visual Studio Solution File, Format Version 12.00
# Visual Studio Version 16
VisualStudioVersion = 16.0.31911.196
MinimumVisualStudioVersion = 10.0.40219.1
Project("{FAE04EC0-301F-11D3-BF4B-00C04F79EFBC}") = "AwsS3", "AwsS3\AwsS3.csproj", "{7DF64990-E0D1-42FA-B5E1-FB362C50D8DF}"
EndProject
Global
	GlobalSection(SolutionConfigurationPlatforms) = preSolution
		Debug|Any CPU = Debug|Any CPU
		Release|Any CPU = Release|Any CPU
	EndGlobalSection
	GlobalSection(ProjectConfigurationPlatforms) = postSolution
		{7DF64990-E0D1-42FA-B5E1-FB362C50D8DF}.Debug|Any CPU.ActiveCfg = Debug|Any CPU
		{7DF64990-E0D1-42FA-B5E1-FB362C50D8DF}.Debug|Any CPU.Build.0 = Debug|Any CPU
		{7DF64990-E0D1-42FA-B5E1-FB362C50D8DF}.Release|Any CPU.ActiveCfg = Release|Any CPU
		{7DF64990-E0D1-42FA-B5E1-FB362C50D8DF}.Release|Any CPU.Build.0 = Release|Any CPU
	EndGlobalSection
	GlobalSection(SolutionProperties) = preSolution
		HideSolutionNode = FALSE
	EndGlobalSection
	GlobalSection(ExtensibilityGlobals) = postSolution
		SolutionGuid = {76EA64BD-66D5-4FB3-95D8-2D14A1C0C7A9}
	EndGlobalSection
EndGlobal
